// !$*UTF8*$!
{
	archiveVersion = 1;
	classes = {
	};
	objectVersion = 46;
	objects = {

/* Begin PBXBuildFile section */
		8701B6BD141946D000FB5E95 /* UIKit.framework in Frameworks */ = {isa = PBXBuildFile; fileRef = 8701B6BC141946D000FB5E95 /* UIKit.framework */; };
		8701B6BF141946D000FB5E95 /* Foundation.framework in Frameworks */ = {isa = PBXBuildFile; fileRef = 8701B6BE141946D000FB5E95 /* Foundation.framework */; };
		8701B6C1141946D000FB5E95 /* CoreGraphics.framework in Frameworks */ = {isa = PBXBuildFile; fileRef = 8701B6C0141946D000FB5E95 /* CoreGraphics.framework */; };
		8701B6C7141946D000FB5E95 /* InfoPlist.strings in Resources */ = {isa = PBXBuildFile; fileRef = 8701B6C5141946D000FB5E95 /* InfoPlist.strings */; };
		8701B6C9141946D000FB5E95 /* main.m in Sources */ = {isa = PBXBuildFile; fileRef = 8701B6C8141946D000FB5E95 /* main.m */; };
		8701B6CD141946D000FB5E95 /* AudioSequenceBuilderDemoAppDelegate.m in Sources */ = {isa = PBXBuildFile; fileRef = 8701B6CC141946D000FB5E95 /* AudioSequenceBuilderDemoAppDelegate.m */; };
		8701B6D0141946D000FB5E95 /* MainWindow.xib in Resources */ = {isa = PBXBuildFile; fileRef = 8701B6CE141946D000FB5E95 /* MainWindow.xib */; };
		8701B6D3141946D000FB5E95 /* RootViewController.m in Sources */ = {isa = PBXBuildFile; fileRef = 8701B6D2141946D000FB5E95 /* RootViewController.m */; };
		8701B6D6141946D000FB5E95 /* RootViewController.xib in Resources */ = {isa = PBXBuildFile; fileRef = 8701B6D4141946D000FB5E95 /* RootViewController.xib */; };
		8701B6DE141946D100FB5E95 /* SenTestingKit.framework in Frameworks */ = {isa = PBXBuildFile; fileRef = 8701B6DD141946D100FB5E95 /* SenTestingKit.framework */; };
		8701B6DF141946D100FB5E95 /* UIKit.framework in Frameworks */ = {isa = PBXBuildFile; fileRef = 8701B6BC141946D000FB5E95 /* UIKit.framework */; };
		8701B6E0141946D100FB5E95 /* Foundation.framework in Frameworks */ = {isa = PBXBuildFile; fileRef = 8701B6BE141946D000FB5E95 /* Foundation.framework */; };
		8701B6E1141946D100FB5E95 /* CoreGraphics.framework in Frameworks */ = {isa = PBXBuildFile; fileRef = 8701B6C0141946D000FB5E95 /* CoreGraphics.framework */; };
		8701B6E9141946D100FB5E95 /* InfoPlist.strings in Resources */ = {isa = PBXBuildFile; fileRef = 8701B6E7141946D100FB5E95 /* InfoPlist.strings */; };
		8701B6EB141946D100FB5E95 /* AudioSequenceBuilderDemoTests.h in Resources */ = {isa = PBXBuildFile; fileRef = 8701B6EA141946D100FB5E95 /* AudioSequenceBuilderDemoTests.h */; };
		8701B6ED141946D100FB5E95 /* AudioSequenceBuilderDemoTests.m in Sources */ = {isa = PBXBuildFile; fileRef = 8701B6EC141946D100FB5E95 /* AudioSequenceBuilderDemoTests.m */; };
		87C412F3141948A30009800C /* nextDisabled.png in Resources */ = {isa = PBXBuildFile; fileRef = 87C412DF141948A30009800C /* nextDisabled.png */; };
		87C412F4141948A30009800C /* nextDisabled@2x.png in Resources */ = {isa = PBXBuildFile; fileRef = 87C412E0141948A30009800C /* nextDisabled@2x.png */; };
		87C412F5141948A30009800C /* nextEnabled.png in Resources */ = {isa = PBXBuildFile; fileRef = 87C412E1141948A30009800C /* nextEnabled.png */; };
		87C412F6141948A30009800C /* nextEnabled@2x.png in Resources */ = {isa = PBXBuildFile; fileRef = 87C412E2141948A30009800C /* nextEnabled@2x.png */; };
		87C412F7141948A30009800C /* pauseDisabled.png in Resources */ = {isa = PBXBuildFile; fileRef = 87C412E3141948A30009800C /* pauseDisabled.png */; };
		87C412F8141948A30009800C /* pauseDisabled@2x.png in Resources */ = {isa = PBXBuildFile; fileRef = 87C412E4141948A30009800C /* pauseDisabled@2x.png */; };
		87C412F9141948A30009800C /* pauseEnabled.png in Resources */ = {isa = PBXBuildFile; fileRef = 87C412E5141948A30009800C /* pauseEnabled.png */; };
		87C412FA141948A30009800C /* pauseEnabled@2x.png in Resources */ = {isa = PBXBuildFile; fileRef = 87C412E6141948A30009800C /* pauseEnabled@2x.png */; };
		87C412FB141948A30009800C /* playDisabled.png in Resources */ = {isa = PBXBuildFile; fileRef = 87C412E7141948A30009800C /* playDisabled.png */; };
		87C412FC141948A30009800C /* playDisabled@2x.png in Resources */ = {isa = PBXBuildFile; fileRef = 87C412E8141948A30009800C /* playDisabled@2x.png */; };
		87C412FD141948A30009800C /* playEnabled.png in Resources */ = {isa = PBXBuildFile; fileRef = 87C412E9141948A30009800C /* playEnabled.png */; };
		87C412FE141948A30009800C /* playEnabled@2x.png in Resources */ = {isa = PBXBuildFile; fileRef = 87C412EA141948A30009800C /* playEnabled@2x.png */; };
		87C412FF141948A30009800C /* prevDisabled.png in Resources */ = {isa = PBXBuildFile; fileRef = 87C412EB141948A30009800C /* prevDisabled.png */; };
		87C41300141948A30009800C /* prevDisabled@2x.png in Resources */ = {isa = PBXBuildFile; fileRef = 87C412EC141948A30009800C /* prevDisabled@2x.png */; };
		87C41301141948A30009800C /* prevEnabled.png in Resources */ = {isa = PBXBuildFile; fileRef = 87C412ED141948A30009800C /* prevEnabled.png */; };
		87C41302141948A30009800C /* prevEnabled@2x.png in Resources */ = {isa = PBXBuildFile; fileRef = 87C412EE141948A30009800C /* prevEnabled@2x.png */; };
		87C41303141948A30009800C /* stopDisabled.png in Resources */ = {isa = PBXBuildFile; fileRef = 87C412EF141948A30009800C /* stopDisabled.png */; };
		87C41304141948A30009800C /* stopDisabled@2x.png in Resources */ = {isa = PBXBuildFile; fileRef = 87C412F0141948A30009800C /* stopDisabled@2x.png */; };
		87C41305141948A30009800C /* stopEnabled.png in Resources */ = {isa = PBXBuildFile; fileRef = 87C412F1141948A30009800C /* stopEnabled.png */; };
		87C41306141948A30009800C /* stopEnabled@2x.png in Resources */ = {isa = PBXBuildFile; fileRef = 87C412F2141948A30009800C /* stopEnabled@2x.png */; };
		87C4130A141948B10009800C /* PlayerViewController.m in Sources */ = {isa = PBXBuildFile; fileRef = 87C41309141948B10009800C /* PlayerViewController.m */; };
		87C4130D141948C10009800C /* PlayerViewController.xib in Resources */ = {isa = PBXBuildFile; fileRef = 87C4130B141948C10009800C /* PlayerViewController.xib */; };
		87C41312141948CF0009800C /* silenceOneSecond.m4a in Resources */ = {isa = PBXBuildFile; fileRef = 87C4130F141948CF0009800C /* silenceOneSecond.m4a */; };
		87C41313141948CF0009800C /* toneOneMinute.m4a in Resources */ = {isa = PBXBuildFile; fileRef = 87C41310141948CF0009800C /* toneOneMinute.m4a */; };
		87C41314141948CF0009800C /* toneVarying10Seconds.m4a in Resources */ = {isa = PBXBuildFile; fileRef = 87C41311141948CF0009800C /* toneVarying10Seconds.m4a */; };
		87C41320141949070009800C /* AudioSequenceBuilder.m in Sources */ = {isa = PBXBuildFile; fileRef = 87C41317141949070009800C /* AudioSequenceBuilder.m */; };
		87C41321141949070009800C /* SubSegmentBuilder.m in Sources */ = {isa = PBXBuildFile; fileRef = 87C41319141949070009800C /* SubSegmentBuilder.m */; };
		87C41322141949070009800C /* SubSegmentBuilderContainer.m in Sources */ = {isa = PBXBuildFile; fileRef = 87C4131B141949070009800C /* SubSegmentBuilderContainer.m */; };
		87C41323141949070009800C /* SubSegmentBuilderSilence.m in Sources */ = {isa = PBXBuildFile; fileRef = 87C4131D141949070009800C /* SubSegmentBuilderSilence.m */; };
		87C41324141949070009800C /* SubSegmentBuilderSound.m in Sources */ = {isa = PBXBuildFile; fileRef = 87C4131F141949070009800C /* SubSegmentBuilderSound.m */; };
/* End PBXBuildFile section */

/* Begin PBXContainerItemProxy section */
		8701B6E2141946D100FB5E95 /* PBXContainerItemProxy */ = {
			isa = PBXContainerItemProxy;
			containerPortal = 8701B6AF141946D000FB5E95 /* Project object */;
			proxyType = 1;
			remoteGlobalIDString = 8701B6B7141946D000FB5E95;
			remoteInfo = AudioSequenceBuilderDemo;
		};
/* End PBXContainerItemProxy section */

/* Begin PBXFileReference section */
		8701B6B8141946D000FB5E95 /* AudioSequenceBuilderDemo.app */ = {isa = PBXFileReference; explicitFileType = wrapper.application; includeInIndex = 0; path = AudioSequenceBuilderDemo.app; sourceTree = BUILT_PRODUCTS_DIR; };
		8701B6BC141946D000FB5E95 /* UIKit.framework */ = {isa = PBXFileReference; lastKnownFileType = wrapper.framework; name = UIKit.framework; path = System/Library/Frameworks/UIKit.framework; sourceTree = SDKROOT; };
		8701B6BE141946D000FB5E95 /* Foundation.framework */ = {isa = PBXFileReference; lastKnownFileType = wrapper.framework; name = Foundation.framework; path = System/Library/Frameworks/Foundation.framework; sourceTree = SDKROOT; };
		8701B6C0141946D000FB5E95 /* CoreGraphics.framework */ = {isa = PBXFileReference; lastKnownFileType = wrapper.framework; name = CoreGraphics.framework; path = System/Library/Frameworks/CoreGraphics.framework; sourceTree = SDKROOT; };
		8701B6C4141946D000FB5E95 /* AudioSequenceBuilderDemo-Info.plist */ = {isa = PBXFileReference; lastKnownFileType = text.plist.xml; path = "AudioSequenceBuilderDemo-Info.plist"; sourceTree = "<group>"; };
		8701B6C6141946D000FB5E95 /* en */ = {isa = PBXFileReference; lastKnownFileType = text.plist.strings; name = en; path = en.lproj/InfoPlist.strings; sourceTree = "<group>"; };
		8701B6C8141946D000FB5E95 /* main.m */ = {isa = PBXFileReference; lastKnownFileType = sourcecode.c.objc; path = main.m; sourceTree = "<group>"; };
		8701B6CA141946D000FB5E95 /* AudioSequenceBuilderDemo-Prefix.pch */ = {isa = PBXFileReference; lastKnownFileType = sourcecode.c.h; path = "AudioSequenceBuilderDemo-Prefix.pch"; sourceTree = "<group>"; };
		8701B6CB141946D000FB5E95 /* AudioSequenceBuilderDemoAppDelegate.h */ = {isa = PBXFileReference; lastKnownFileType = sourcecode.c.h; path = AudioSequenceBuilderDemoAppDelegate.h; sourceTree = "<group>"; };
		8701B6CC141946D000FB5E95 /* AudioSequenceBuilderDemoAppDelegate.m */ = {isa = PBXFileReference; lastKnownFileType = sourcecode.c.objc; path = AudioSequenceBuilderDemoAppDelegate.m; sourceTree = "<group>"; };
		8701B6CF141946D000FB5E95 /* en */ = {isa = PBXFileReference; lastKnownFileType = file.xib; name = en; path = en.lproj/MainWindow.xib; sourceTree = "<group>"; };
		8701B6D1141946D000FB5E95 /* RootViewController.h */ = {isa = PBXFileReference; lastKnownFileType = sourcecode.c.h; path = RootViewController.h; sourceTree = "<group>"; };
		8701B6D2141946D000FB5E95 /* RootViewController.m */ = {isa = PBXFileReference; lastKnownFileType = sourcecode.c.objc; path = RootViewController.m; sourceTree = "<group>"; };
		8701B6D5141946D000FB5E95 /* en */ = {isa = PBXFileReference; lastKnownFileType = file.xib; name = en; path = en.lproj/RootViewController.xib; sourceTree = "<group>"; };
		8701B6DC141946D100FB5E95 /* AudioSequenceBuilderDemoTests.octest */ = {isa = PBXFileReference; explicitFileType = wrapper.cfbundle; includeInIndex = 0; path = AudioSequenceBuilderDemoTests.octest; sourceTree = BUILT_PRODUCTS_DIR; };
		8701B6DD141946D100FB5E95 /* SenTestingKit.framework */ = {isa = PBXFileReference; lastKnownFileType = wrapper.framework; name = SenTestingKit.framework; path = Library/Frameworks/SenTestingKit.framework; sourceTree = DEVELOPER_DIR; };
		8701B6E6141946D100FB5E95 /* AudioSequenceBuilderDemoTests-Info.plist */ = {isa = PBXFileReference; lastKnownFileType = text.plist.xml; path = "AudioSequenceBuilderDemoTests-Info.plist"; sourceTree = "<group>"; };
		8701B6E8141946D100FB5E95 /* en */ = {isa = PBXFileReference; lastKnownFileType = text.plist.strings; name = en; path = en.lproj/InfoPlist.strings; sourceTree = "<group>"; };
		8701B6EA141946D100FB5E95 /* AudioSequenceBuilderDemoTests.h */ = {isa = PBXFileReference; lastKnownFileType = sourcecode.c.h; path = AudioSequenceBuilderDemoTests.h; sourceTree = "<group>"; };
		8701B6EC141946D100FB5E95 /* AudioSequenceBuilderDemoTests.m */ = {isa = PBXFileReference; lastKnownFileType = sourcecode.c.objc; path = AudioSequenceBuilderDemoTests.m; sourceTree = "<group>"; };
		87C412DF141948A30009800C /* nextDisabled.png */ = {isa = PBXFileReference; lastKnownFileType = image.png; path = nextDisabled.png; sourceTree = "<group>"; };
		87C412E0141948A30009800C /* nextDisabled@2x.png */ = {isa = PBXFileReference; lastKnownFileType = image.png; path = "nextDisabled@2x.png"; sourceTree = "<group>"; };
		87C412E1141948A30009800C /* nextEnabled.png */ = {isa = PBXFileReference; lastKnownFileType = image.png; path = nextEnabled.png; sourceTree = "<group>"; };
		87C412E2141948A30009800C /* nextEnabled@2x.png */ = {isa = PBXFileReference; lastKnownFileType = image.png; path = "nextEnabled@2x.png"; sourceTree = "<group>"; };
		87C412E3141948A30009800C /* pauseDisabled.png */ = {isa = PBXFileReference; lastKnownFileType = image.png; path = pauseDisabled.png; sourceTree = "<group>"; };
		87C412E4141948A30009800C /* pauseDisabled@2x.png */ = {isa = PBXFileReference; lastKnownFileType = image.png; path = "pauseDisabled@2x.png"; sourceTree = "<group>"; };
		87C412E5141948A30009800C /* pauseEnabled.png */ = {isa = PBXFileReference; lastKnownFileType = image.png; path = pauseEnabled.png; sourceTree = "<group>"; };
		87C412E6141948A30009800C /* pauseEnabled@2x.png */ = {isa = PBXFileReference; lastKnownFileType = image.png; path = "pauseEnabled@2x.png"; sourceTree = "<group>"; };
		87C412E7141948A30009800C /* playDisabled.png */ = {isa = PBXFileReference; lastKnownFileType = image.png; path = playDisabled.png; sourceTree = "<group>"; };
		87C412E8141948A30009800C /* playDisabled@2x.png */ = {isa = PBXFileReference; lastKnownFileType = image.png; path = "playDisabled@2x.png"; sourceTree = "<group>"; };
		87C412E9141948A30009800C /* playEnabled.png */ = {isa = PBXFileReference; lastKnownFileType = image.png; path = playEnabled.png; sourceTree = "<group>"; };
		87C412EA141948A30009800C /* playEnabled@2x.png */ = {isa = PBXFileReference; lastKnownFileType = image.png; path = "playEnabled@2x.png"; sourceTree = "<group>"; };
		87C412EB141948A30009800C /* prevDisabled.png */ = {isa = PBXFileReference; lastKnownFileType = image.png; path = prevDisabled.png; sourceTree = "<group>"; };
		87C412EC141948A30009800C /* prevDisabled@2x.png */ = {isa = PBXFileReference; lastKnownFileType = image.png; path = "prevDisabled@2x.png"; sourceTree = "<group>"; };
		87C412ED141948A30009800C /* prevEnabled.png */ = {isa = PBXFileReference; lastKnownFileType = image.png; path = prevEnabled.png; sourceTree = "<group>"; };
		87C412EE141948A30009800C /* prevEnabled@2x.png */ = {isa = PBXFileReference; lastKnownFileType = image.png; path = "prevEnabled@2x.png"; sourceTree = "<group>"; };
		87C412EF141948A30009800C /* stopDisabled.png */ = {isa = PBXFileReference; lastKnownFileType = image.png; path = stopDisabled.png; sourceTree = "<group>"; };
		87C412F0141948A30009800C /* stopDisabled@2x.png */ = {isa = PBXFileReference; lastKnownFileType = image.png; path = "stopDisabled@2x.png"; sourceTree = "<group>"; };
		87C412F1141948A30009800C /* stopEnabled.png */ = {isa = PBXFileReference; lastKnownFileType = image.png; path = stopEnabled.png; sourceTree = "<group>"; };
		87C412F2141948A30009800C /* stopEnabled@2x.png */ = {isa = PBXFileReference; lastKnownFileType = image.png; path = "stopEnabled@2x.png"; sourceTree = "<group>"; };
		87C41308141948B10009800C /* PlayerViewController.h */ = {isa = PBXFileReference; fileEncoding = 4; lastKnownFileType = sourcecode.c.h; path = PlayerViewController.h; sourceTree = "<group>"; };
		87C41309141948B10009800C /* PlayerViewController.m */ = {isa = PBXFileReference; fileEncoding = 4; lastKnownFileType = sourcecode.c.objc; path = PlayerViewController.m; sourceTree = "<group>"; };
		87C4130C141948C10009800C /* en */ = {isa = PBXFileReference; lastKnownFileType = file.xib; name = en; path = en.lproj/PlayerViewController.xib; sourceTree = "<group>"; };
		87C4130F141948CF0009800C /* silenceOneSecond.m4a */ = {isa = PBXFileReference; lastKnownFileType = file; path = silenceOneSecond.m4a; sourceTree = "<group>"; };
		87C41310141948CF0009800C /* toneOneMinute.m4a */ = {isa = PBXFileReference; lastKnownFileType = file; path = toneOneMinute.m4a; sourceTree = "<group>"; };
		87C41311141948CF0009800C /* toneVarying10Seconds.m4a */ = {isa = PBXFileReference; lastKnownFileType = file; path = toneVarying10Seconds.m4a; sourceTree = "<group>"; };
		87C41316141949070009800C /* AudioSequenceBuilder.h */ = {isa = PBXFileReference; fileEncoding = 4; lastKnownFileType = sourcecode.c.h; path = AudioSequenceBuilder.h; sourceTree = "<group>"; };
		87C41317141949070009800C /* AudioSequenceBuilder.m */ = {isa = PBXFileReference; fileEncoding = 4; lastKnownFileType = sourcecode.c.objc; path = AudioSequenceBuilder.m; sourceTree = "<group>"; };
		87C41318141949070009800C /* SubSegmentBuilder.h */ = {isa = PBXFileReference; fileEncoding = 4; lastKnownFileType = sourcecode.c.h; path = SubSegmentBuilder.h; sourceTree = "<group>"; };
		87C41319141949070009800C /* SubSegmentBuilder.m */ = {isa = PBXFileReference; fileEncoding = 4; lastKnownFileType = sourcecode.c.objc; path = SubSegmentBuilder.m; sourceTree = "<group>"; };
		87C4131A141949070009800C /* SubSegmentBuilderContainer.h */ = {isa = PBXFileReference; fileEncoding = 4; lastKnownFileType = sourcecode.c.h; path = SubSegmentBuilderContainer.h; sourceTree = "<group>"; };
		87C4131B141949070009800C /* SubSegmentBuilderContainer.m */ = {isa = PBXFileReference; fileEncoding = 4; lastKnownFileType = sourcecode.c.objc; path = SubSegmentBuilderContainer.m; sourceTree = "<group>"; };
		87C4131C141949070009800C /* SubSegmentBuilderSilence.h */ = {isa = PBXFileReference; fileEncoding = 4; lastKnownFileType = sourcecode.c.h; path = SubSegmentBuilderSilence.h; sourceTree = "<group>"; };
		87C4131D141949070009800C /* SubSegmentBuilderSilence.m */ = {isa = PBXFileReference; fileEncoding = 4; lastKnownFileType = sourcecode.c.objc; path = SubSegmentBuilderSilence.m; sourceTree = "<group>"; };
		87C4131E141949070009800C /* SubSegmentBuilderSound.h */ = {isa = PBXFileReference; fileEncoding = 4; lastKnownFileType = sourcecode.c.h; path = SubSegmentBuilderSound.h; sourceTree = "<group>"; };
		87C4131F141949070009800C /* SubSegmentBuilderSound.m */ = {isa = PBXFileReference; fileEncoding = 4; lastKnownFileType = sourcecode.c.objc; path = SubSegmentBuilderSound.m; sourceTree = "<group>"; };
/* End PBXFileReference section */

/* Begin PBXFrameworksBuildPhase section */
		8701B6B5141946D000FB5E95 /* Frameworks */ = {
			isa = PBXFrameworksBuildPhase;
			buildActionMask = 2147483647;
			files = (
				8701B6BD141946D000FB5E95 /* UIKit.framework in Frameworks */,
				8701B6BF141946D000FB5E95 /* Foundation.framework in Frameworks */,
				8701B6C1141946D000FB5E95 /* CoreGraphics.framework in Frameworks */,
			);
			runOnlyForDeploymentPostprocessing = 0;
		};
		8701B6D8141946D100FB5E95 /* Frameworks */ = {
			isa = PBXFrameworksBuildPhase;
			buildActionMask = 2147483647;
			files = (
				8701B6DE141946D100FB5E95 /* SenTestingKit.framework in Frameworks */,
				8701B6DF141946D100FB5E95 /* UIKit.framework in Frameworks */,
				8701B6E0141946D100FB5E95 /* Foundation.framework in Frameworks */,
				8701B6E1141946D100FB5E95 /* CoreGraphics.framework in Frameworks */,
			);
			runOnlyForDeploymentPostprocessing = 0;
		};
/* End PBXFrameworksBuildPhase section */

/* Begin PBXGroup section */
		8701B6AD141946D000FB5E95 = {
			isa = PBXGroup;
			children = (
				8701B6C2141946D000FB5E95 /* AudioSequenceBuilderDemo */,
				8701B6E4141946D100FB5E95 /* AudioSequenceBuilderDemoTests */,
				8701B6BB141946D000FB5E95 /* Frameworks */,
				8701B6B9141946D000FB5E95 /* Products */,
			);
			sourceTree = "<group>";
		};
		8701B6B9141946D000FB5E95 /* Products */ = {
			isa = PBXGroup;
			children = (
				8701B6B8141946D000FB5E95 /* AudioSequenceBuilderDemo.app */,
				8701B6DC141946D100FB5E95 /* AudioSequenceBuilderDemoTests.octest */,
			);
			name = Products;
			sourceTree = "<group>";
		};
		8701B6BB141946D000FB5E95 /* Frameworks */ = {
			isa = PBXGroup;
			children = (
				8701B6BC141946D000FB5E95 /* UIKit.framework */,
				8701B6BE141946D000FB5E95 /* Foundation.framework */,
				8701B6C0141946D000FB5E95 /* CoreGraphics.framework */,
				8701B6DD141946D100FB5E95 /* SenTestingKit.framework */,
			);
			name = Frameworks;
			sourceTree = "<group>";
		};
		8701B6C2141946D000FB5E95 /* AudioSequenceBuilderDemo */ = {
			isa = PBXGroup;
			children = (
				8701B6CB141946D000FB5E95 /* AudioSequenceBuilderDemoAppDelegate.h */,
				8701B6CC141946D000FB5E95 /* AudioSequenceBuilderDemoAppDelegate.m */,
				8701B6CE141946D000FB5E95 /* MainWindow.xib */,
				8701B6D1141946D000FB5E95 /* RootViewController.h */,
				8701B6D2141946D000FB5E95 /* RootViewController.m */,
				8701B6D4141946D000FB5E95 /* RootViewController.xib */,
				87C41308141948B10009800C /* PlayerViewController.h */,
				87C41309141948B10009800C /* PlayerViewController.m */,
				87C4130B141948C10009800C /* PlayerViewController.xib */,
				87C41315141949070009800C /* AudioSequencerBuilderClasses */,
				8701B6C3141946D000FB5E95 /* Supporting Files */,
				87C412DE141948A30009800C /* images */,
				87C4130E141948CF0009800C /* testAudio */,
			);
			path = AudioSequenceBuilderDemo;
			sourceTree = "<group>";
		};
		8701B6C3141946D000FB5E95 /* Supporting Files */ = {
			isa = PBXGroup;
			children = (
				8701B6C4141946D000FB5E95 /* AudioSequenceBuilderDemo-Info.plist */,
				8701B6C5141946D000FB5E95 /* InfoPlist.strings */,
				8701B6C8141946D000FB5E95 /* main.m */,
				8701B6CA141946D000FB5E95 /* AudioSequenceBuilderDemo-Prefix.pch */,
			);
			name = "Supporting Files";
			sourceTree = "<group>";
		};
		8701B6E4141946D100FB5E95 /* AudioSequenceBuilderDemoTests */ = {
			isa = PBXGroup;
			children = (
				8701B6EA141946D100FB5E95 /* AudioSequenceBuilderDemoTests.h */,
				8701B6EC141946D100FB5E95 /* AudioSequenceBuilderDemoTests.m */,
				8701B6E5141946D100FB5E95 /* Supporting Files */,
			);
			path = AudioSequenceBuilderDemoTests;
			sourceTree = "<group>";
		};
		8701B6E5141946D100FB5E95 /* Supporting Files */ = {
			isa = PBXGroup;
			children = (
				8701B6E6141946D100FB5E95 /* AudioSequenceBuilderDemoTests-Info.plist */,
				8701B6E7141946D100FB5E95 /* InfoPlist.strings */,
			);
			name = "Supporting Files";
			sourceTree = "<group>";
		};
		87C412DE141948A30009800C /* images */ = {
			isa = PBXGroup;
			children = (
				87C412DF141948A30009800C /* nextDisabled.png */,
				87C412E0141948A30009800C /* nextDisabled@2x.png */,
				87C412E1141948A30009800C /* nextEnabled.png */,
				87C412E2141948A30009800C /* nextEnabled@2x.png */,
				87C412E3141948A30009800C /* pauseDisabled.png */,
				87C412E4141948A30009800C /* pauseDisabled@2x.png */,
				87C412E5141948A30009800C /* pauseEnabled.png */,
				87C412E6141948A30009800C /* pauseEnabled@2x.png */,
				87C412E7141948A30009800C /* playDisabled.png */,
				87C412E8141948A30009800C /* playDisabled@2x.png */,
				87C412E9141948A30009800C /* playEnabled.png */,
				87C412EA141948A30009800C /* playEnabled@2x.png */,
				87C412EB141948A30009800C /* prevDisabled.png */,
				87C412EC141948A30009800C /* prevDisabled@2x.png */,
				87C412ED141948A30009800C /* prevEnabled.png */,
				87C412EE141948A30009800C /* prevEnabled@2x.png */,
				87C412EF141948A30009800C /* stopDisabled.png */,
				87C412F0141948A30009800C /* stopDisabled@2x.png */,
				87C412F1141948A30009800C /* stopEnabled.png */,
				87C412F2141948A30009800C /* stopEnabled@2x.png */,
			);
			path = images;
			sourceTree = "<group>";
		};
		87C4130E141948CF0009800C /* testAudio */ = {
			isa = PBXGroup;
			children = (
				87C4130F141948CF0009800C /* silenceOneSecond.m4a */,
				87C41310141948CF0009800C /* toneOneMinute.m4a */,
				87C41311141948CF0009800C /* toneVarying10Seconds.m4a */,
			);
			path = testAudio;
			sourceTree = "<group>";
		};
		87C41315141949070009800C /* AudioSequencerBuilderClasses */ = {
			isa = PBXGroup;
			children = (
				87C41316141949070009800C /* AudioSequenceBuilder.h */,
				87C41317141949070009800C /* AudioSequenceBuilder.m */,
				87C41318141949070009800C /* SubSegmentBuilder.h */,
				87C41319141949070009800C /* SubSegmentBuilder.m */,
				87C4131A141949070009800C /* SubSegmentBuilderContainer.h */,
				87C4131B141949070009800C /* SubSegmentBuilderContainer.m */,
				87C4131C141949070009800C /* SubSegmentBuilderSilence.h */,
				87C4131D141949070009800C /* SubSegmentBuilderSilence.m */,
				87C4131E141949070009800C /* SubSegmentBuilderSound.h */,
				87C4131F141949070009800C /* SubSegmentBuilderSound.m */,
			);
			path = AudioSequencerBuilderClasses;
			sourceTree = "<group>";
		};
/* End PBXGroup section */

/* Begin PBXNativeTarget section */
		8701B6B7141946D000FB5E95 /* AudioSequenceBuilderDemo */ = {
			isa = PBXNativeTarget;
			buildConfigurationList = 8701B6F0141946D100FB5E95 /* Build configuration list for PBXNativeTarget "AudioSequenceBuilderDemo" */;
			buildPhases = (
				8701B6B4141946D000FB5E95 /* Sources */,
				8701B6B5141946D000FB5E95 /* Frameworks */,
				8701B6B6141946D000FB5E95 /* Resources */,
			);
			buildRules = (
			);
			dependencies = (
			);
			name = AudioSequenceBuilderDemo;
			productName = AudioSequenceBuilderDemo;
			productReference = 8701B6B8141946D000FB5E95 /* AudioSequenceBuilderDemo.app */;
			productType = "com.apple.product-type.application";
		};
		8701B6DB141946D100FB5E95 /* AudioSequenceBuilderDemoTests */ = {
			isa = PBXNativeTarget;
			buildConfigurationList = 8701B6F3141946D100FB5E95 /* Build configuration list for PBXNativeTarget "AudioSequenceBuilderDemoTests" */;
			buildPhases = (
				8701B6D7141946D100FB5E95 /* Sources */,
				8701B6D8141946D100FB5E95 /* Frameworks */,
				8701B6D9141946D100FB5E95 /* Resources */,
				8701B6DA141946D100FB5E95 /* ShellScript */,
			);
			buildRules = (
			);
			dependencies = (
				8701B6E3141946D100FB5E95 /* PBXTargetDependency */,
			);
			name = AudioSequenceBuilderDemoTests;
			productName = AudioSequenceBuilderDemoTests;
			productReference = 8701B6DC141946D100FB5E95 /* AudioSequenceBuilderDemoTests.octest */;
			productType = "com.apple.product-type.bundle";
		};
/* End PBXNativeTarget section */

/* Begin PBXProject section */
		8701B6AF141946D000FB5E95 /* Project object */ = {
			isa = PBXProject;
			attributes = {
				ORGANIZATIONNAME = "Mindful Bear Apps";
			};
			buildConfigurationList = 8701B6B2141946D000FB5E95 /* Build configuration list for PBXProject "AudioSequenceBuilderDemo" */;
			compatibilityVersion = "Xcode 3.2";
			developmentRegion = English;
			hasScannedForEncodings = 0;
			knownRegions = (
				en,
			);
			mainGroup = 8701B6AD141946D000FB5E95;
			productRefGroup = 8701B6B9141946D000FB5E95 /* Products */;
			projectDirPath = "";
			projectRoot = "";
			targets = (
				8701B6B7141946D000FB5E95 /* AudioSequenceBuilderDemo */,
				8701B6DB141946D100FB5E95 /* AudioSequenceBuilderDemoTests */,
			);
		};
/* End PBXProject section */

/* Begin PBXResourcesBuildPhase section */
		8701B6B6141946D000FB5E95 /* Resources */ = {
			isa = PBXResourcesBuildPhase;
			buildActionMask = 2147483647;
			files = (
				8701B6C7141946D000FB5E95 /* InfoPlist.strings in Resources */,
				8701B6D0141946D000FB5E95 /* MainWindow.xib in Resources */,
				8701B6D6141946D000FB5E95 /* RootViewController.xib in Resources */,
				87C412F3141948A30009800C /* nextDisabled.png in Resources */,
				87C412F4141948A30009800C /* nextDisabled@2x.png in Resources */,
				87C412F5141948A30009800C /* nextEnabled.png in Resources */,
				87C412F6141948A30009800C /* nextEnabled@2x.png in Resources */,
				87C412F7141948A30009800C /* pauseDisabled.png in Resources */,
				87C412F8141948A30009800C /* pauseDisabled@2x.png in Resources */,
				87C412F9141948A30009800C /* pauseEnabled.png in Resources */,
				87C412FA141948A30009800C /* pauseEnabled@2x.png in Resources */,
				87C412FB141948A30009800C /* playDisabled.png in Resources */,
				87C412FC141948A30009800C /* playDisabled@2x.png in Resources */,
				87C412FD141948A30009800C /* playEnabled.png in Resources */,
				87C412FE141948A30009800C /* playEnabled@2x.png in Resources */,
				87C412FF141948A30009800C /* prevDisabled.png in Resources */,
				87C41300141948A30009800C /* prevDisabled@2x.png in Resources */,
				87C41301141948A30009800C /* prevEnabled.png in Resources */,
				87C41302141948A30009800C /* prevEnabled@2x.png in Resources */,
				87C41303141948A30009800C /* stopDisabled.png in Resources */,
				87C41304141948A30009800C /* stopDisabled@2x.png in Resources */,
				87C41305141948A30009800C /* stopEnabled.png in Resources */,
				87C41306141948A30009800C /* stopEnabled@2x.png in Resources */,
				87C4130D141948C10009800C /* PlayerViewController.xib in Resources */,
				87C41312141948CF0009800C /* silenceOneSecond.m4a in Resources */,
				87C41313141948CF0009800C /* toneOneMinute.m4a in Resources */,
				87C41314141948CF0009800C /* toneVarying10Seconds.m4a in Resources */,
			);
			runOnlyForDeploymentPostprocessing = 0;
		};
		8701B6D9141946D100FB5E95 /* Resources */ = {
			isa = PBXResourcesBuildPhase;
			buildActionMask = 2147483647;
			files = (
				8701B6E9141946D100FB5E95 /* InfoPlist.strings in Resources */,
				8701B6EB141946D100FB5E95 /* AudioSequenceBuilderDemoTests.h in Resources */,
			);
			runOnlyForDeploymentPostprocessing = 0;
		};
/* End PBXResourcesBuildPhase section */

/* Begin PBXShellScriptBuildPhase section */
		8701B6DA141946D100FB5E95 /* ShellScript */ = {
			isa = PBXShellScriptBuildPhase;
			buildActionMask = 2147483647;
			files = (
			);
			inputPaths = (
			);
			outputPaths = (
			);
			runOnlyForDeploymentPostprocessing = 0;
			shellPath = /bin/sh;
			shellScript = "# Run the unit tests in this test bundle.\n\"${SYSTEM_DEVELOPER_DIR}/Tools/RunUnitTests\"\n";
		};
/* End PBXShellScriptBuildPhase section */

/* Begin PBXSourcesBuildPhase section */
		8701B6B4141946D000FB5E95 /* Sources */ = {
			isa = PBXSourcesBuildPhase;
			buildActionMask = 2147483647;
			files = (
				8701B6C9141946D000FB5E95 /* main.m in Sources */,
				8701B6CD141946D000FB5E95 /* AudioSequenceBuilderDemoAppDelegate.m in Sources */,
				8701B6D3141946D000FB5E95 /* RootViewController.m in Sources */,
				87C4130A141948B10009800C /* PlayerViewController.m in Sources */,
				87C41320141949070009800C /* AudioSequenceBuilder.m in Sources */,
				87C41321141949070009800C /* SubSegmentBuilder.m in Sources */,
				87C41322141949070009800C /* SubSegmentBuilderContainer.m in Sources */,
				87C41323141949070009800C /* SubSegmentBuilderSilence.m in Sources */,
				87C41324141949070009800C /* SubSegmentBuilderSound.m in Sources */,
			);
			runOnlyForDeploymentPostprocessing = 0;
		};
		8701B6D7141946D100FB5E95 /* Sources */ = {
			isa = PBXSourcesBuildPhase;
			buildActionMask = 2147483647;
			files = (
				8701B6ED141946D100FB5E95 /* AudioSequenceBuilderDemoTests.m in Sources */,
			);
			runOnlyForDeploymentPostprocessing = 0;
		};
/* End PBXSourcesBuildPhase section */

/* Begin PBXTargetDependency section */
		8701B6E3141946D100FB5E95 /* PBXTargetDependency */ = {
			isa = PBXTargetDependency;
			target = 8701B6B7141946D000FB5E95 /* AudioSequenceBuilderDemo */;
			targetProxy = 8701B6E2141946D100FB5E95 /* PBXContainerItemProxy */;
		};
/* End PBXTargetDependency section */

/* Begin PBXVariantGroup section */
		8701B6C5141946D000FB5E95 /* InfoPlist.strings */ = {
			isa = PBXVariantGroup;
			children = (
				8701B6C6141946D000FB5E95 /* en */,
			);
			name = InfoPlist.strings;
			sourceTree = "<group>";
		};
		8701B6CE141946D000FB5E95 /* MainWindow.xib */ = {
			isa = PBXVariantGroup;
			children = (
				8701B6CF141946D000FB5E95 /* en */,
			);
			name = MainWindow.xib;
			sourceTree = "<group>";
		};
		8701B6D4141946D000FB5E95 /* RootViewController.xib */ = {
			isa = PBXVariantGroup;
			children = (
				8701B6D5141946D000FB5E95 /* en */,
			);
			name = RootViewController.xib;
			sourceTree = "<group>";
		};
		8701B6E7141946D100FB5E95 /* InfoPlist.strings */ = {
			isa = PBXVariantGroup;
			children = (
				8701B6E8141946D100FB5E95 /* en */,
			);
			name = InfoPlist.strings;
			sourceTree = "<group>";
		};
		87C4130B141948C10009800C /* PlayerViewController.xib */ = {
			isa = PBXVariantGroup;
			children = (
				87C4130C141948C10009800C /* en */,
			);
			name = PlayerViewController.xib;
			sourceTree = "<group>";
		};
/* End PBXVariantGroup section */

/* Begin XCBuildConfiguration section */
		8701B6EE141946D100FB5E95 /* Debug */ = {
			isa = XCBuildConfiguration;
			buildSettings = {
				ALWAYS_SEARCH_USER_PATHS = NO;
				ARCHS = "$(ARCHS_STANDARD_32_BIT)";
				"CODE_SIGN_IDENTITY[sdk=iphoneos*]" = "iPhone Developer";
				COPY_PHASE_STRIP = NO;
				GCC_C_LANGUAGE_STANDARD = gnu99;
				GCC_DYNAMIC_NO_PIC = NO;
				GCC_OPTIMIZATION_LEVEL = 0;
				GCC_PREPROCESSOR_DEFINITIONS = (
					"DEBUG=1",
					"$(inherited)",
				);
				GCC_SYMBOLS_PRIVATE_EXTERN = NO;
				GCC_VERSION = com.apple.compilers.llvmgcc42;
				GCC_WARN_ABOUT_MISSING_PROTOTYPES = YES;
				GCC_WARN_ABOUT_RETURN_TYPE = YES;
				GCC_WARN_UNUSED_VARIABLE = YES;
				IPHONEOS_DEPLOYMENT_TARGET = 4.3;
				SDKROOT = iphoneos;
			};
			name = Debug;
		};
		8701B6EF141946D100FB5E95 /* Release */ = {
			isa = XCBuildConfiguration;
			buildSettings = {
				ALWAYS_SEARCH_USER_PATHS = NO;
				ARCHS = "$(ARCHS_STANDARD_32_BIT)";
				"CODE_SIGN_IDENTITY[sdk=iphoneos*]" = "iPhone Developer";
				COPY_PHASE_STRIP = YES;
				GCC_C_LANGUAGE_STANDARD = gnu99;
				GCC_VERSION = com.apple.compilers.llvmgcc42;
				GCC_WARN_ABOUT_MISSING_PROTOTYPES = YES;
				GCC_WARN_ABOUT_RETURN_TYPE = YES;
				GCC_WARN_UNUSED_VARIABLE = YES;
				IPHONEOS_DEPLOYMENT_TARGET = 4.3;
				OTHER_CFLAGS = "-DNS_BLOCK_ASSERTIONS=1";
				SDKROOT = iphoneos;
				VALIDATE_PRODUCT = YES;
			};
			name = Release;
		};
		8701B6F1141946D100FB5E95 /* Debug */ = {
			isa = XCBuildConfiguration;
			buildSettings = {
				GCC_PRECOMPILE_PREFIX_HEADER = YES;
				GCC_PREFIX_HEADER = "AudioSequenceBuilderDemo/AudioSequenceBuilderDemo-Prefix.pch";
				INFOPLIST_FILE = "AudioSequenceBuilderDemo/AudioSequenceBuilderDemo-Info.plist";
				PRODUCT_NAME = "$(TARGET_NAME)";
				WRAPPER_EXTENSION = app;
			};
			name = Debug;
		};
		8701B6F2141946D100FB5E95 /* Release */ = {
			isa = XCBuildConfiguration;
			buildSettings = {
				GCC_PRECOMPILE_PREFIX_HEADER = YES;
				GCC_PREFIX_HEADER = "AudioSequenceBuilderDemo/AudioSequenceBuilderDemo-Prefix.pch";
				INFOPLIST_FILE = "AudioSequenceBuilderDemo/AudioSequenceBuilderDemo-Info.plist";
				PRODUCT_NAME = "$(TARGET_NAME)";
				WRAPPER_EXTENSION = app;
			};
			name = Release;
		};
		8701B6F4141946D100FB5E95 /* Debug */ = {
			isa = XCBuildConfiguration;
			buildSettings = {
				BUNDLE_LOADER = "$(BUILT_PRODUCTS_DIR)/AudioSequenceBuilderDemo.app/AudioSequenceBuilderDemo";
				FRAMEWORK_SEARCH_PATHS = (
					"$(SDKROOT)/Developer/Library/Frameworks",
					"$(DEVELOPER_LIBRARY_DIR)/Frameworks",
				);
				GCC_PRECOMPILE_PREFIX_HEADER = YES;
				GCC_PREFIX_HEADER = "AudioSequenceBuilderDemo/AudioSequenceBuilderDemo-Prefix.pch";
				INFOPLIST_FILE = "AudioSequenceBuilderDemoTests/AudioSequenceBuilderDemoTests-Info.plist";
				PRODUCT_NAME = "$(TARGET_NAME)";
				TEST_HOST = "$(BUNDLE_LOADER)";
				WRAPPER_EXTENSION = octest;
			};
			name = Debug;
		};
		8701B6F5141946D100FB5E95 /* Release */ = {
			isa = XCBuildConfiguration;
			buildSettings = {
				BUNDLE_LOADER = "$(BUILT_PRODUCTS_DIR)/AudioSequenceBuilderDemo.app/AudioSequenceBuilderDemo";
				FRAMEWORK_SEARCH_PATHS = (
					"$(SDKROOT)/Developer/Library/Frameworks",
					"$(DEVELOPER_LIBRARY_DIR)/Frameworks",
				);
				GCC_PRECOMPILE_PREFIX_HEADER = YES;
				GCC_PREFIX_HEADER = "AudioSequenceBuilderDemo/AudioSequenceBuilderDemo-Prefix.pch";
				INFOPLIST_FILE = "AudioSequenceBuilderDemoTests/AudioSequenceBuilderDemoTests-Info.plist";
				PRODUCT_NAME = "$(TARGET_NAME)";
				TEST_HOST = "$(BUNDLE_LOADER)";
				WRAPPER_EXTENSION = octest;
			};
			name = Release;
		};
/* End XCBuildConfiguration section */

/* Begin XCConfigurationList section */
		8701B6B2141946D000FB5E95 /* Build configuration list for PBXProject "AudioSequenceBuilderDemo" */ = {
			isa = XCConfigurationList;
			buildConfigurations = (
				8701B6EE141946D100FB5E95 /* Debug */,
				8701B6EF141946D100FB5E95 /* Release */,
			);
			defaultConfigurationIsVisible = 0;
			defaultConfigurationName = Release;
		};
		8701B6F0141946D100FB5E95 /* Build configuration list for PBXNativeTarget "AudioSequenceBuilderDemo" */ = {
			isa = XCConfigurationList;
			buildConfigurations = (
				8701B6F1141946D100FB5E95 /* Debug */,
				8701B6F2141946D100FB5E95 /* Release */,
			);
			defaultConfigurationIsVisible = 0;
			defaultConfigurationName = Release;
		};
		8701B6F3141946D100FB5E95 /* Build configuration list for PBXNativeTarget "AudioSequenceBuilderDemoTests" */ = {
			isa = XCConfigurationList;
			buildConfigurations = (
				8701B6F4141946D100FB5E95 /* Debug */,
				8701B6F5141946D100FB5E95 /* Release */,
			);
			defaultConfigurationIsVisible = 0;
			defaultConfigurationName = Release;
		};
/* End XCConfigurationList section */
	};
	rootObject = 8701B6AF141946D000FB5E95 /* Project object */;
}
